
Microsoft Visual Studio Solution File, Format Version 12.00
# Visual Studio Version 16
VisualStudioVersion = 16.0.29613.14
MinimumVisualStudioVersion = 10.0.40219.1
Project("{FAE04EC0-301F-11D3-BF4B-00C04F79EFBC}") = "WebApplication1", "WebApplication1\WebApplication1.csproj", "{ED38B7E9-AC33-4B06-A2A9-A19EE4E85D12}"
EndProject
Project("{FAE04EC0-301F-11D3-BF4B-00C04F79EFBC}") = "WebApplication1.Tests", "WebApplication1.Tests\WebApplication1.Tests.csproj", "{1C28DD6D-3748-4D3C-949D-7F5CBF844BB2}"
EndProject
Project("{00D1A9C2-B5F0-4AF3-8072-F6C62B433612}") = "Database1", "SSDT\Database1\Database1.sqlproj", "{AC94F9E5-4647-49C4-8398-3BB7131ED733}"
EndProject
Global
	GlobalSection(SolutionConfigurationPlatforms) = preSolution
		Debug|Any CPU = Debug|Any CPU
		Release|Any CPU = Release|Any CPU
	EndGlobalSection
	GlobalSection(ProjectConfigurationPlatforms) = postSolution
		{ED38B7E9-AC33-4B06-A2A9-A19EE4E85D12}.Debug|Any CPU.ActiveCfg = Debug|Any CPU
		{ED38B7E9-AC33-4B06-A2A9-A19EE4E85D12}.Debug|Any CPU.Build.0 = Debug|Any CPU
		{ED38B7E9-AC33-4B06-A2A9-A19EE4E85D12}.Release|Any CPU.ActiveCfg = Release|Any CPU
		{ED38B7E9-AC33-4B06-A2A9-A19EE4E85D12}.Release|Any CPU.Build.0 = Release|Any CPU
		{1C28DD6D-3748-4D3C-949D-7F5CBF844BB2}.Debug|Any CPU.ActiveCfg = Debug|Any CPU
		{1C28DD6D-3748-4D3C-949D-7F5CBF844BB2}.Debug|Any CPU.Build.0 = Debug|Any CPU
		{1C28DD6D-3748-4D3C-949D-7F5CBF844BB2}.Release|Any CPU.ActiveCfg = Release|Any CPU
		{1C28DD6D-3748-4D3C-949D-7F5CBF844BB2}.Release|Any CPU.Build.0 = Release|Any CPU
		{AC94F9E5-4647-49C4-8398-3BB7131ED733}.Debug|Any CPU.ActiveCfg = Debug|Any CPU
		{AC94F9E5-4647-49C4-8398-3BB7131ED733}.Debug|Any CPU.Build.0 = Debug|Any CPU
		{AC94F9E5-4647-49C4-8398-3BB7131ED733}.Debug|Any CPU.Deploy.0 = Debug|Any CPU
		{AC94F9E5-4647-49C4-8398-3BB7131ED733}.Release|Any CPU.ActiveCfg = Release|Any CPU
		{AC94F9E5-4647-49C4-8398-3BB7131ED733}.Release|Any CPU.Build.0 = Release|Any CPU
		{AC94F9E5-4647-49C4-8398-3BB7131ED733}.Release|Any CPU.Deploy.0 = Release|Any CPU
	EndGlobalSection
	GlobalSection(SolutionProperties) = preSolution
		HideSolutionNode = FALSE
	EndGlobalSection
	GlobalSection(ExtensibilityGlobals) = postSolution
		SolutionGuid = {4B03D848-9FB3-4F46-9487-FC0A2602D9E0}
	EndGlobalSection
EndGlobal
