
Microsoft Visual Studio Solution File, Format Version 12.00
# Visual Studio Version 16
VisualStudioVersion = 16.0.29613.14
MinimumVisualStudioVersion = 10.0.40219.1
Project("{00D1A9C2-B5F0-4AF3-8072-F6C62B433612}") = "Database1", "Database1\Database1.sqlproj", "{AC94F9E5-4647-49C4-8398-3BB7131ED733}"
EndProject
Global
	GlobalSection(SolutionConfigurationPlatforms) = preSolution
		Debug|Any CPU = Debug|Any CPU
		Release|Any CPU = Release|Any CPU
	EndGlobalSection
	GlobalSection(ProjectConfigurationPlatforms) = postSolution
		{AC94F9E5-4647-49C4-8398-3BB7131ED733}.Debug|Any CPU.ActiveCfg = Debug|Any CPU
		{AC94F9E5-4647-49C4-8398-3BB7131ED733}.Debug|Any CPU.Build.0 = Debug|Any CPU
		{AC94F9E5-4647-49C4-8398-3BB7131ED733}.Debug|Any CPU.Deploy.0 = Debug|Any CPU
		{AC94F9E5-4647-49C4-8398-3BB7131ED733}.Release|Any CPU.ActiveCfg = Release|Any CPU
		{AC94F9E5-4647-49C4-8398-3BB7131ED733}.Release|Any CPU.Build.0 = Release|Any CPU
		{AC94F9E5-4647-49C4-8398-3BB7131ED733}.Release|Any CPU.Deploy.0 = Release|Any CPU
	EndGlobalSection
	GlobalSection(SolutionProperties) = preSolution
		HideSolutionNode = FALSE
	EndGlobalSection
	GlobalSection(ExtensibilityGlobals) = postSolution
		SolutionGuid = {222E7B66-747A-4827-93AD-B9BAFA6EB576}
	EndGlobalSection
EndGlobal
